PODS:
  - Alamofire (5.6.2)
  - AppAuth (1.6.0):
    - AppAuth/Core (= 1.6.0)
    - AppAuth/ExternalUserAgent (= 1.6.0)
  - AppAuth/Core (1.6.0)
  - AppAuth/ExternalUserAgent (1.6.0):
    - AppAuth/Core
  - FirebaseAnalytics (10.0.0):
    - FirebaseAnalytics/AdIdSupport (= 10.0.0)
    - FirebaseCore (~> 10.0)
    - FirebaseInstallations (~> 10.0)
    - GoogleUtilities/AppDelegateSwizzler (~> 7.8)
    - GoogleUtilities/MethodSwizzler (~> 7.8)
    - GoogleUtilities/Network (~> 7.8)
    - "GoogleUtilities/NSData+zlib (~> 7.8)"
    - nanopb (< 2.30910.0, >= 2.30908.0)
  - FirebaseAnalytics/AdIdSupport (10.0.0):
    - FirebaseCore (~> 10.0)
    - FirebaseInstallations (~> 10.0)
    - GoogleAppMeasurement (= 10.0.0)
    - GoogleUtilities/AppDelegateSwizzler (~> 7.8)
    - GoogleUtilities/MethodSwizzler (~> 7.8)
    - GoogleUtilities/Network (~> 7.8)
    - "GoogleUtilities/NSData+zlib (~> 7.8)"
    - nanopb (< 2.30910.0, >= 2.30908.0)
  - FirebaseCore (10.0.0):
    - FirebaseCoreInternal (~> 10.0)
    - GoogleUtilities/Environment (~> 7.8)
    - GoogleUtilities/Logger (~> 7.8)
  - FirebaseCoreInternal (10.6.0):
    - "GoogleUtilities/NSData+zlib (~> 7.8)"
  - FirebaseInstallations (10.0.0):
    - FirebaseCore (~> 10.0)
    - GoogleUtilities/Environment (~> 7.8)
    - GoogleUtilities/UserDefaults (~> 7.8)
    - PromisesObjC (~> 2.1)
  - GoogleAppMeasurement (10.0.0):
    - GoogleAppMeasurement/AdIdSupport (= 10.0.0)
    - GoogleUtilities/AppDelegateSwizzler (~> 7.8)
    - GoogleUtilities/MethodSwizzler (~> 7.8)
    - GoogleUtilities/Network (~> 7.8)
    - "GoogleUtilities/NSData+zlib (~> 7.8)"
    - nanopb (< 2.30910.0, >= 2.30908.0)
  - GoogleAppMeasurement/AdIdSupport (10.0.0):
    - GoogleAppMeasurement/WithoutAdIdSupport (= 10.0.0)
    - GoogleUtilities/AppDelegateSwizzler (~> 7.8)
    - GoogleUtilities/MethodSwizzler (~> 7.8)
    - GoogleUtilities/Network (~> 7.8)
    - "GoogleUtilities/NSData+zlib (~> 7.8)"
    - nanopb (< 2.30910.0, >= 2.30908.0)
  - GoogleAppMeasurement/WithoutAdIdSupport (10.0.0):
    - GoogleUtilities/AppDelegateSwizzler (~> 7.8)
    - GoogleUtilities/MethodSwizzler (~> 7.8)
    - GoogleUtilities/Network (~> 7.8)
    - "GoogleUtilities/NSData+zlib (~> 7.8)"
    - nanopb (< 2.30910.0, >= 2.30908.0)
  - GoogleSignIn (6.2.4):
    - AppAuth (~> 1.5)
    - GTMAppAuth (~> 1.3)
    - GTMSessionFetcher/Core (< 3.0, >= 1.1)
  - GoogleUtilities/AppDelegateSwizzler (7.8.0):
    - GoogleUtilities/Environment
    - GoogleUtilities/Logger
    - GoogleUtilities/Network
  - GoogleUtilities/Environment (7.8.0):
    - PromisesObjC (< 3.0, >= 1.2)
  - GoogleUtilities/Logger (7.8.0):
    - GoogleUtilities/Environment
  - GoogleUtilities/MethodSwizzler (7.8.0):
    - GoogleUtilities/Logger
  - GoogleUtilities/Network (7.8.0):
    - GoogleUtilities/Logger
    - "GoogleUtilities/NSData+zlib"
    - GoogleUtilities/Reachability
  - "GoogleUtilities/NSData+zlib (7.8.0)"
  - GoogleUtilities/Reachability (7.8.0):
    - GoogleUtilities/Logger
  - GoogleUtilities/UserDefaults (7.8.0):
    - GoogleUtilities/Logger
  - GTMAppAuth (1.3.1):
    - AppAuth/Core (~> 1.6)
    - GTMSessionFetcher/Core (< 3.0, >= 1.5)
  - GTMSessionFetcher/Core (2.1.0)
  - lottie-ios (3.5.0)
  - nanopb (2.30909.0):
    - nanopb/decode (= 2.30909.0)
    - nanopb/encode (= 2.30909.0)
  - nanopb/decode (2.30909.0)
  - nanopb/encode (2.30909.0)
  - PromisesObjC (2.1.1)
  - SnapKit (5.6.0)

DEPENDENCIES:
  - Alamofire
  - FirebaseAnalytics
  - GoogleSignIn
  - lottie-ios
  - SnapKit

SPEC REPOS:
  trunk:
    - Alamofire
    - AppAuth
    - FirebaseAnalytics
    - FirebaseCore
    - FirebaseCoreInternal
    - FirebaseInstallations
    - GoogleAppMeasurement
    - GoogleSignIn
    - GoogleUtilities
    - GTMAppAuth
    - GTMSessionFetcher
    - lottie-ios
    - nanopb
    - PromisesObjC
    - SnapKit

SPEC CHECKSUMS:
  Alamofire: d368e1ff8a298e6dde360e35a3e68e6c610e7204
  AppAuth: 8fca6b5563a5baef2c04bee27538025e4ceb2add
  FirebaseAnalytics: 9921a52739f4ab66099da31b6e0243db78a3ac0a
  FirebaseCore: 97f48a3a567a72b8d4daa0f03c3aadb78df4e995
  FirebaseCoreInternal: c7cd505e2136811096b225ac388d6254a2622362
  FirebaseInstallations: 7f1c9ae6bd9df6abe9c74124b38fa8740aba5df4
  GoogleAppMeasurement: 7e48a3249792ac35d6f18f107f63f199a7e9d0ce
  GoogleSignIn: 5651ce3a61e56ca864160e79b484cd9ed3f49b7a
  GoogleUtilities: 1d20a6ad97ef46f67bbdec158ce00563a671ebb7
  GTMAppAuth: 0ff230db599948a9ad7470ca667337803b3fc4dd
  GTMSessionFetcher: ffbb25ec00ebcb5201adab0a56d808f6f1902d9f
  lottie-ios: c55158d67d0629a260625cc2ded2052b829e3c3e
  nanopb: b552cce312b6c8484180ef47159bc0f65a1f0431
  PromisesObjC: ab77feca74fa2823e7af4249b8326368e61014cb
  SnapKit: e01d52ebb8ddbc333eefe2132acf85c8227d9c25

PODFILE CHECKSUM: 8b82679468e8e143436d92592a88a9c065a62a08

COCOAPODS: 1.11.2
